{
  "name": "all-young-scanner-web",
  "version": "0.35.0",
  "lockfileVersion": 3,
  "requires": true,
  "packages": {
    "": {
      "name": "all-young-scanner-web",
      "version": "0.35.0",
      "dependencies": {
        "dompurify": "3.4.14"
      }
    },
    "node_modules/@types/trusted-types": {
      "version": "2.0.7",
      "resolved": "https://registry.npmjs.org/@types/trusted-types/-/trusted-types-2.0.7.tgz",
      "integrity": "sha512-ScaPdn1dQczgbl0QFTeTOmVHFULt394XJgOQNoyVhZ6r2vLnMLJfBPd53SB52T/3G36VI1/g2MZaX0cwDuXsfw==",
      "license": "MIT",
      "optional": true
    },
    "node_modules/dompurify": {
      "version": "3.4.14",
      "resolved": "https://registry.npmjs.org/dompurify/-/dompurify-3.4.14.tgz",
      "integrity": "sha512-dVoH9z+MY+C9IilgGCk3YfFqjLi3fChm2OiKJMzh6axrJ5qwxqWaZamgmHrpv22CN/KdbZJuGEGgfQoL00LTdg==",
      "license": "(MPL-2.0 OR Apache-2.0)",
      "optionalDependencies": {
        "@types/trusted-types": "^2.0.7"
      }
    }
  }
}
